
Microsoft Visual Studio Solution File, Format Version 12.00
# Visual Studio 2013
VisualStudioVersion = 12.0.30110.0
MinimumVisualStudioVersion = 10.0.40219.1
Project("{FAE04EC0-301F-11D3-BF4B-00C04F79EFBC}") = "MSpec.Extensions", "MSpec.Extensions\MSpec.Extensions.csproj", "{7A76F010-F1FA-4D2E-9E6E-C5CCA128FADD}"
EndProject
Project("{FAE04EC0-301F-11D3-BF4B-00C04F79EFBC}") = "MSpec.Extensions.Spec", "MSpec.Extensions.Spec\MSpec.Extensions.Spec.csproj", "{019F822D-5E38-433C-A8C1-F6FD887994C5}"
EndProject
Project("{FAE04EC0-301F-11D3-BF4B-00C04F79EFBC}") = "MSpec.Extensions.Vanilla.Spec", "MSpec.Extensions.Vanilla.Spec\MSpec.Extensions.Vanilla.Spec.csproj", "{A7CC8E35-5A52-4313-AB8B-622764BF49F9}"
EndProject
Project("{FAE04EC0-301F-11D3-BF4B-00C04F79EFBC}") = "MSpec.Extensions.xBehave.Spec", "MSpec.Extensions.xBehave.Spec\MSpec.Extensions.xBehave.Spec.csproj", "{B9C9043A-BB0E-4051-B151-3870B2503C82}"
EndProject
Project("{2150E333-8FDC-42A3-9474-1A3956D46DE8}") = "Solution FIles", "Solution FIles", "{178B46B0-0192-4BD8-94FE-F4843A6EAE49}"
	ProjectSection(SolutionItems) = preProject
		BDDReport.bat = BDDReport.bat
		nugetbuild.bat = nugetbuild.bat
	EndProjectSection
EndProject
Project("{FAE04EC0-301F-11D3-BF4B-00C04F79EFBC}") = "MSpec.Report", "MSpec.Report\MSpec.Report.csproj", "{3D4C8C6B-4B5C-4981-BB10-ACFACF80870B}"
EndProject
Project("{2150E333-8FDC-42A3-9474-1A3956D46DE8}") = ".nuget", ".nuget", "{303A4A69-8810-4F31-9C27-E631062F5ECA}"
	ProjectSection(SolutionItems) = preProject
		.nuget\NuGet.Config = .nuget\NuGet.Config
		.nuget\NuGet.exe = .nuget\NuGet.exe
		.nuget\NuGet.targets = .nuget\NuGet.targets
	EndProjectSection
EndProject
Global
	GlobalSection(SolutionConfigurationPlatforms) = preSolution
		Debug|Any CPU = Debug|Any CPU
		Release|Any CPU = Release|Any CPU
	EndGlobalSection
	GlobalSection(ProjectConfigurationPlatforms) = postSolution
		{7A76F010-F1FA-4D2E-9E6E-C5CCA128FADD}.Debug|Any CPU.ActiveCfg = Debug|Any CPU
		{7A76F010-F1FA-4D2E-9E6E-C5CCA128FADD}.Debug|Any CPU.Build.0 = Debug|Any CPU
		{7A76F010-F1FA-4D2E-9E6E-C5CCA128FADD}.Release|Any CPU.ActiveCfg = Release|Any CPU
		{7A76F010-F1FA-4D2E-9E6E-C5CCA128FADD}.Release|Any CPU.Build.0 = Release|Any CPU
		{019F822D-5E38-433C-A8C1-F6FD887994C5}.Debug|Any CPU.ActiveCfg = Debug|Any CPU
		{019F822D-5E38-433C-A8C1-F6FD887994C5}.Debug|Any CPU.Build.0 = Debug|Any CPU
		{019F822D-5E38-433C-A8C1-F6FD887994C5}.Release|Any CPU.ActiveCfg = Release|Any CPU
		{019F822D-5E38-433C-A8C1-F6FD887994C5}.Release|Any CPU.Build.0 = Release|Any CPU
		{A7CC8E35-5A52-4313-AB8B-622764BF49F9}.Debug|Any CPU.ActiveCfg = Debug|Any CPU
		{A7CC8E35-5A52-4313-AB8B-622764BF49F9}.Debug|Any CPU.Build.0 = Debug|Any CPU
		{A7CC8E35-5A52-4313-AB8B-622764BF49F9}.Release|Any CPU.ActiveCfg = Release|Any CPU
		{A7CC8E35-5A52-4313-AB8B-622764BF49F9}.Release|Any CPU.Build.0 = Release|Any CPU
		{B9C9043A-BB0E-4051-B151-3870B2503C82}.Debug|Any CPU.ActiveCfg = Debug|Any CPU
		{B9C9043A-BB0E-4051-B151-3870B2503C82}.Debug|Any CPU.Build.0 = Debug|Any CPU
		{B9C9043A-BB0E-4051-B151-3870B2503C82}.Release|Any CPU.ActiveCfg = Release|Any CPU
		{B9C9043A-BB0E-4051-B151-3870B2503C82}.Release|Any CPU.Build.0 = Release|Any CPU
		{3D4C8C6B-4B5C-4981-BB10-ACFACF80870B}.Debug|Any CPU.ActiveCfg = Debug|Any CPU
		{3D4C8C6B-4B5C-4981-BB10-ACFACF80870B}.Debug|Any CPU.Build.0 = Debug|Any CPU
		{3D4C8C6B-4B5C-4981-BB10-ACFACF80870B}.Release|Any CPU.ActiveCfg = Release|Any CPU
		{3D4C8C6B-4B5C-4981-BB10-ACFACF80870B}.Release|Any CPU.Build.0 = Release|Any CPU
	EndGlobalSection
	GlobalSection(SolutionProperties) = preSolution
		HideSolutionNode = FALSE
	EndGlobalSection
EndGlobal
